
Microsoft Visual Studio Solution File, Format Version 12.00
# Visual Studio Version 16
VisualStudioVersion = 16.0.31424.327
MinimumVisualStudioVersion = 10.0.40219.1
Project("{9A19103F-16F7-4668-BE54-9A1E7A4F7556}") = "AcademyWeek2Day5", "AcademyWeek2Day5\AcademyWeek2Day5.csproj", "{77ACD065-0AB1-4AA1-9D27-A2EDD12139D0}"
EndProject
Project("{9A19103F-16F7-4668-BE54-9A1E7A4F7556}") = "AcademyWeek2Day5.Entity", "AcademyWeek2Day5.Entity\AcademyWeek2Day5.Entity.csproj", "{6C8BDD87-05EE-4D59-843A-DFAAAABE6C3C}"
EndProject
Project("{9A19103F-16F7-4668-BE54-9A1E7A4F7556}") = "AcademyWeek2Day5.ADO", "AcademyWeek2Day5.ADO\AcademyWeek2Day5.ADO.csproj", "{854A6E43-D31A-4680-B82E-C5F06D49F0B8}"
EndProject
Global
	GlobalSection(SolutionConfigurationPlatforms) = preSolution
		Debug|Any CPU = Debug|Any CPU
		Release|Any CPU = Release|Any CPU
	EndGlobalSection
	GlobalSection(ProjectConfigurationPlatforms) = postSolution
		{77ACD065-0AB1-4AA1-9D27-A2EDD12139D0}.Debug|Any CPU.ActiveCfg = Debug|Any CPU
		{77ACD065-0AB1-4AA1-9D27-A2EDD12139D0}.Debug|Any CPU.Build.0 = Debug|Any CPU
		{77ACD065-0AB1-4AA1-9D27-A2EDD12139D0}.Release|Any CPU.ActiveCfg = Release|Any CPU
		{77ACD065-0AB1-4AA1-9D27-A2EDD12139D0}.Release|Any CPU.Build.0 = Release|Any CPU
		{6C8BDD87-05EE-4D59-843A-DFAAAABE6C3C}.Debug|Any CPU.ActiveCfg = Debug|Any CPU
		{6C8BDD87-05EE-4D59-843A-DFAAAABE6C3C}.Debug|Any CPU.Build.0 = Debug|Any CPU
		{6C8BDD87-05EE-4D59-843A-DFAAAABE6C3C}.Release|Any CPU.ActiveCfg = Release|Any CPU
		{6C8BDD87-05EE-4D59-843A-DFAAAABE6C3C}.Release|Any CPU.Build.0 = Release|Any CPU
		{854A6E43-D31A-4680-B82E-C5F06D49F0B8}.Debug|Any CPU.ActiveCfg = Debug|Any CPU
		{854A6E43-D31A-4680-B82E-C5F06D49F0B8}.Debug|Any CPU.Build.0 = Debug|Any CPU
		{854A6E43-D31A-4680-B82E-C5F06D49F0B8}.Release|Any CPU.ActiveCfg = Release|Any CPU
		{854A6E43-D31A-4680-B82E-C5F06D49F0B8}.Release|Any CPU.Build.0 = Release|Any CPU
	EndGlobalSection
	GlobalSection(SolutionProperties) = preSolution
		HideSolutionNode = FALSE
	EndGlobalSection
	GlobalSection(ExtensibilityGlobals) = postSolution
		SolutionGuid = {29C8D6E3-89C1-4B00-9B49-2300E334EA02}
	EndGlobalSection
EndGlobal
